
Microsoft Visual Studio Solution File, Format Version 12.00
# Visual Studio 15
Project("{FAE04EC0-301F-11D3-BF4B-00C04F79EFBC}") = "Assembly-CSharp", "Assembly-CSharp.csproj", "{3EE476EC-0533-0313-A4E2-D4F309FA23F0}"
EndProject
Project("{FAE04EC0-301F-11D3-BF4B-00C04F79EFBC}") = "Assembly-CSharp-Editor", "Assembly-CSharp-Editor.csproj", "{D8D965F0-4C4F-252A-E888-69DC4960DF36}"
EndProject
Global
	GlobalSection(SolutionConfigurationPlatforms) = preSolution
		Debug|Any CPU = Debug|Any CPU
		Release|Any CPU = Release|Any CPU
	EndGlobalSection
	GlobalSection(ProjectConfigurationPlatforms) = postSolution
		{3EE476EC-0533-0313-A4E2-D4F309FA23F0}.Debug|Any CPU.ActiveCfg = Debug|Any CPU
		{3EE476EC-0533-0313-A4E2-D4F309FA23F0}.Debug|Any CPU.Build.0 = Debug|Any CPU
		{3EE476EC-0533-0313-A4E2-D4F309FA23F0}.Release|Any CPU.ActiveCfg = Release|Any CPU
		{3EE476EC-0533-0313-A4E2-D4F309FA23F0}.Release|Any CPU.Build.0 = Release|Any CPU
		{D8D965F0-4C4F-252A-E888-69DC4960DF36}.Debug|Any CPU.ActiveCfg = Debug|Any CPU
		{D8D965F0-4C4F-252A-E888-69DC4960DF36}.Debug|Any CPU.Build.0 = Debug|Any CPU
		{D8D965F0-4C4F-252A-E888-69DC4960DF36}.Release|Any CPU.ActiveCfg = Release|Any CPU
		{D8D965F0-4C4F-252A-E888-69DC4960DF36}.Release|Any CPU.Build.0 = Release|Any CPU
	EndGlobalSection
	GlobalSection(SolutionProperties) = preSolution
		HideSolutionNode = FALSE
	EndGlobalSection
EndGlobal
